
Microsoft Visual Studio Solution File, Format Version 12.00
# Visual Studio Version 17
VisualStudioVersion = 17.14.36705.20 d17.14
MinimumVisualStudioVersion = 10.0.40219.1
Project("{FAE04EC0-301F-11D3-BF4B-00C04F79EFBC}") = "WpfAppProV2", "WpfAppProV2\WpfAppProV2.csproj", "{5A4421A3-73FF-4CE4-BFBB-EAEFCC0710F7}"
EndProject
Global
	GlobalSection(SolutionConfigurationPlatforms) = preSolution
		Debug|Any CPU = Debug|Any CPU
		Release|Any CPU = Release|Any CPU
	EndGlobalSection
	GlobalSection(ProjectConfigurationPlatforms) = postSolution
		{5A4421A3-73FF-4CE4-BFBB-EAEFCC0710F7}.Debug|Any CPU.ActiveCfg = Debug|Any CPU
		{5A4421A3-73FF-4CE4-BFBB-EAEFCC0710F7}.Debug|Any CPU.Build.0 = Debug|Any CPU
		{5A4421A3-73FF-4CE4-BFBB-EAEFCC0710F7}.Release|Any CPU.ActiveCfg = Release|Any CPU
		{5A4421A3-73FF-4CE4-BFBB-EAEFCC0710F7}.Release|Any CPU.Build.0 = Release|Any CPU
	EndGlobalSection
	GlobalSection(SolutionProperties) = preSolution
		HideSolutionNode = FALSE
	EndGlobalSection
	GlobalSection(ExtensibilityGlobals) = postSolution
		SolutionGuid = {D9CE0F94-970E-410C-9A37-031D62713536}
	EndGlobalSection
EndGlobal
